Microsoft Visual Studio Solution File, Format Version 11.00
# Visual Studio 2008

Project("{C1DA5DEB-FB46-502B-9B27-7F012DE3B4DF}") = "Fallout-Rpg", "Assembly-CSharp.csproj", "{F561A85F-5B3B-FA11-6B6B-A29FFBBDB179}"
EndProject
Project("{C1DA5DEB-FB46-502B-9B27-7F012DE3B4DF}") = "Fallout-Rpg", "Assembly-CSharp-Editor.csproj", "{1DFA0B7F-6C92-919B-446A-BD2550CF58B5}"
EndProject
Global
	GlobalSection(SolutionConfigurationPlatforms) = preSolution
		Debug|Any CPU = Debug|Any CPU
		Release|Any CPU = Release|Any CPU
	EndGlobalSection
	GlobalSection(ProjectConfigurationPlatforms) = postSolution
		{F561A85F-5B3B-FA11-6B6B-A29FFBBDB179}.Debug|Any CPU.ActiveCfg = Debug|Any CPU
		{F561A85F-5B3B-FA11-6B6B-A29FFBBDB179}.Debug|Any CPU.Build.0 = Debug|Any CPU
		{F561A85F-5B3B-FA11-6B6B-A29FFBBDB179}.Release|Any CPU.ActiveCfg = Release|Any CPU
		{F561A85F-5B3B-FA11-6B6B-A29FFBBDB179}.Release|Any CPU.Build.0 = Release|Any CPU
		{1DFA0B7F-6C92-919B-446A-BD2550CF58B5}.Debug|Any CPU.ActiveCfg = Debug|Any CPU
		{1DFA0B7F-6C92-919B-446A-BD2550CF58B5}.Debug|Any CPU.Build.0 = Debug|Any CPU
		{1DFA0B7F-6C92-919B-446A-BD2550CF58B5}.Release|Any CPU.ActiveCfg = Release|Any CPU
		{1DFA0B7F-6C92-919B-446A-BD2550CF58B5}.Release|Any CPU.Build.0 = Release|Any CPU
	EndGlobalSection
	GlobalSection(SolutionProperties) = preSolution
		HideSolutionNode = FALSE
	EndGlobalSection
					GlobalSection(MonoDevelopProperties) = preSolution
		StartupItem = Assembly-CSharp.csproj
		Policies = $0
		$0.TextStylePolicy = $1
		$1.inheritsSet = null
		$1.scope = text/x-csharp
		$0.CSharpFormattingPolicy = $2
		$2.inheritsSet = Mono
		$2.inheritsScope = text/x-csharp
		$2.scope = text/x-csharp
		$0.TextStylePolicy = $3
		$3.FileWidth = 120
		$3.TabWidth = 4
		$3.IndentWidth = 4
		$3.EolMarker = Unix
		$3.inheritsSet = Mono
		$3.inheritsScope = text/plain
		$3.scope = text/plain
	EndGlobalSection

EndGlobal
